
Microsoft Visual Studio Solution File, Format Version 12.00
# Visual Studio Version 16
VisualStudioVersion = 16.0.31025.194
MinimumVisualStudioVersion = 10.0.40219.1
Project("{FAE04EC0-301F-11D3-BF4B-00C04F79EFBC}") = "QLDV1", "QLDV1\QLDV1.csproj", "{F11529F4-BA25-468B-A3EA-F4A3AE93F158}"
EndProject
Global
	GlobalSection(SolutionConfigurationPlatforms) = preSolution
		Debug|Any CPU = Debug|Any CPU
		Release|Any CPU = Release|Any CPU
	EndGlobalSection
	GlobalSection(ProjectConfigurationPlatforms) = postSolution
		{F11529F4-BA25-468B-A3EA-F4A3AE93F158}.Debug|Any CPU.ActiveCfg = Debug|Any CPU
		{F11529F4-BA25-468B-A3EA-F4A3AE93F158}.Debug|Any CPU.Build.0 = Debug|Any CPU
		{F11529F4-BA25-468B-A3EA-F4A3AE93F158}.Release|Any CPU.ActiveCfg = Release|Any CPU
		{F11529F4-BA25-468B-A3EA-F4A3AE93F158}.Release|Any CPU.Build.0 = Release|Any CPU
	EndGlobalSection
	GlobalSection(SolutionProperties) = preSolution
		HideSolutionNode = FALSE
	EndGlobalSection
	GlobalSection(ExtensibilityGlobals) = postSolution
		SolutionGuid = {D13A7E90-8F5E-49D9-8E20-473374D42D26}
	EndGlobalSection
EndGlobal
